
Microsoft Visual Studio Solution File, Format Version 12.00
# Visual Studio 2012
Project("{FAE04EC0-301F-11D3-BF4B-00C04F79EFBC}") = "Acme", "Acme\Acme.csproj", "{961BC07B-1A98-47AC-A5D5-28438E8FDD8F}"
EndProject
Project("{FAE04EC0-301F-11D3-BF4B-00C04F79EFBC}") = "AcmeFrontEnd", "AcmeFrontEnd\AcmeFrontEnd.csproj", "{A3E72607-2728-4349-951E-68E76CE7C75D}"
EndProject
Global
	GlobalSection(SolutionConfigurationPlatforms) = preSolution
		Debug|Any CPU = Debug|Any CPU
		Release|Any CPU = Release|Any CPU
	EndGlobalSection
	GlobalSection(ProjectConfigurationPlatforms) = postSolution
		{961BC07B-1A98-47AC-A5D5-28438E8FDD8F}.Debug|Any CPU.ActiveCfg = Debug|Any CPU
		{961BC07B-1A98-47AC-A5D5-28438E8FDD8F}.Debug|Any CPU.Build.0 = Debug|Any CPU
		{961BC07B-1A98-47AC-A5D5-28438E8FDD8F}.Release|Any CPU.ActiveCfg = Release|Any CPU
		{961BC07B-1A98-47AC-A5D5-28438E8FDD8F}.Release|Any CPU.Build.0 = Release|Any CPU
		{A3E72607-2728-4349-951E-68E76CE7C75D}.Debug|Any CPU.ActiveCfg = Debug|Any CPU
		{A3E72607-2728-4349-951E-68E76CE7C75D}.Debug|Any CPU.Build.0 = Debug|Any CPU
		{A3E72607-2728-4349-951E-68E76CE7C75D}.Release|Any CPU.ActiveCfg = Release|Any CPU
		{A3E72607-2728-4349-951E-68E76CE7C75D}.Release|Any CPU.Build.0 = Release|Any CPU
	EndGlobalSection
	GlobalSection(SolutionProperties) = preSolution
		HideSolutionNode = FALSE
	EndGlobalSection
EndGlobal
